// !$*UTF8*$!
{
	archiveVersion = 1;
	classes = {
	};
	objectVersion = 50;
	objects = {

/* Begin PBXBuildFile section */
		A2DA14BD233E0139000E41F6 /* AppDelegate.swift in Sources */ = {isa = PBXBuildFile; fileRef = A2DA14BC233E0139000E41F6 /* AppDelegate.swift */; };
		A2DA14BF233E0139000E41F6 /* SceneDelegate.swift in Sources */ = {isa = PBXBuildFile; fileRef = A2DA14BE233E0139000E41F6 /* SceneDelegate.swift */; };
		A2DA14C1233E0139000E41F6 /* ContentView.swift in Sources */ = {isa = PBXBuildFile; fileRef = A2DA14C0233E0139000E41F6 /* ContentView.swift */; };
		A2DA14C3233E013A000E41F6 /* Assets.xcassets in Resources */ = {isa = PBXBuildFile; fileRef = A2DA14C2233E013A000E41F6 /* Assets.xcassets */; };
		A2DA14C6233E013A000E41F6 /* Preview Assets.xcassets in Resources */ = {isa = PBXBuildFile; fileRef = A2DA14C5233E013A000E41F6 /* Preview Assets.xcassets */; };
		A2DA14C9233E013A000E41F6 /* LaunchScreen.storyboard in Resources */ = {isa = PBXBuildFile; fileRef = A2DA14C7233E013A000E41F6 /* LaunchScreen.storyboard */; };
		A2DA14D4233E013A000E41F6 /* SwiftUI_P1Tests.swift in Sources */ = {isa = PBXBuildFile; fileRef = A2DA14D3233E013A000E41F6 /* SwiftUI_P1Tests.swift */; };
		A2DA14DF233E013A000E41F6 /* SwiftUI_P1UITests.swift in Sources */ = {isa = PBXBuildFile; fileRef = A2DA14DE233E013A000E41F6 /* SwiftUI_P1UITests.swift */; };
		A2DA14ED233E089C000E41F6 /* CircleImage.swift in Sources */ = {isa = PBXBuildFile; fileRef = A2DA14EC233E089C000E41F6 /* CircleImage.swift */; };
		A2DA14EF233E1641000E41F6 /* MapView.swift in Sources */ = {isa = PBXBuildFile; fileRef = A2DA14EE233E1641000E41F6 /* MapView.swift */; };
		A2DA14F423405419000E41F6 /* Landmark.swift in Sources */ = {isa = PBXBuildFile; fileRef = A2DA14F323405419000E41F6 /* Landmark.swift */; };
		A2DA150323405C87000E41F6 /* hiddenlake.jpg in Resources */ = {isa = PBXBuildFile; fileRef = A2DA14F623405C86000E41F6 /* hiddenlake.jpg */; };
		A2DA150423405C87000E41F6 /* stmarylake.jpg in Resources */ = {isa = PBXBuildFile; fileRef = A2DA14F723405C86000E41F6 /* stmarylake.jpg */; };
		A2DA150523405C87000E41F6 /* twinlake.jpg in Resources */ = {isa = PBXBuildFile; fileRef = A2DA14F823405C86000E41F6 /* twinlake.jpg */; };
		A2DA150623405C87000E41F6 /* icybay.jpg in Resources */ = {isa = PBXBuildFile; fileRef = A2DA14F923405C86000E41F6 /* icybay.jpg */; };
		A2DA150723405C87000E41F6 /* umbagog.jpg in Resources */ = {isa = PBXBuildFile; fileRef = A2DA14FA23405C87000E41F6 /* umbagog.jpg */; };
		A2DA150823405C87000E41F6 /* yukon_charleyrivers.jpg in Resources */ = {isa = PBXBuildFile; fileRef = A2DA14FB23405C87000E41F6 /* yukon_charleyrivers.jpg */; };
		A2DA150923405C87000E41F6 /* lakemcdonald.jpg in Resources */ = {isa = PBXBuildFile; fileRef = A2DA14FC23405C87000E41F6 /* lakemcdonald.jpg */; };
		A2DA150A23405C87000E41F6 /* landmarkData.json in Resources */ = {isa = PBXBuildFile; fileRef = A2DA14FD23405C87000E41F6 /* landmarkData.json */; };
		A2DA150B23405C87000E41F6 /* silversalmoncreek.jpg in Resources */ = {isa = PBXBuildFile; fileRef = A2DA14FE23405C87000E41F6 /* silversalmoncreek.jpg */; };
		A2DA150C23405C87000E41F6 /* chilkoottrail.jpg in Resources */ = {isa = PBXBuildFile; fileRef = A2DA14FF23405C87000E41F6 /* chilkoottrail.jpg */; };
		A2DA150D23405C87000E41F6 /* turtlerock.jpg in Resources */ = {isa = PBXBuildFile; fileRef = A2DA150023405C87000E41F6 /* turtlerock.jpg */; };
		A2DA150E23405C87000E41F6 /* rainbowlake.jpg in Resources */ = {isa = PBXBuildFile; fileRef = A2DA150123405C87000E41F6 /* rainbowlake.jpg */; };
		A2DA150F23405C87000E41F6 /* chincoteague.jpg in Resources */ = {isa = PBXBuildFile; fileRef = A2DA150223405C87000E41F6 /* chincoteague.jpg */; };
		A2DA151123405CC1000E41F6 /* Data.swift in Sources */ = {isa = PBXBuildFile; fileRef = A2DA151023405CC1000E41F6 /* Data.swift */; };
/* End PBXBuildFile section */

/* Begin PBXContainerItemProxy section */
		A2DA14D0233E013A000E41F6 /* PBXContainerItemProxy */ = {
			isa = PBXContainerItemProxy;
			containerPortal = A2DA14B1233E0139000E41F6 /* Project object */;
			proxyType = 1;
			remoteGlobalIDString = A2DA14B8233E0139000E41F6;
			remoteInfo = "SwiftUI-P1";
		};
		A2DA14DB233E013A000E41F6 /* PBXContainerItemProxy */ = {
			isa = PBXContainerItemProxy;
			containerPortal = A2DA14B1233E0139000E41F6 /* Project object */;
			proxyType = 1;
			remoteGlobalIDString = A2DA14B8233E0139000E41F6;
			remoteInfo = "SwiftUI-P1";
		};
/* End PBXContainerItemProxy section */

/* Begin PBXFileReference section */
		A2DA14B9233E0139000E41F6 /* SwiftUI-P1.app */ = {isa = PBXFileReference; explicitFileType = wrapper.application; includeInIndex = 0; path = "SwiftUI-P1.app"; sourceTree = BUILT_PRODUCTS_DIR; };
		A2DA14BC233E0139000E41F6 /* AppDelegate.swift */ = {isa = PBXFileReference; lastKnownFileType = sourcecode.swift; path = AppDelegate.swift; sourceTree = "<group>"; };
		A2DA14BE233E0139000E41F6 /* SceneDelegate.swift */ = {isa = PBXFileReference; lastKnownFileType = sourcecode.swift; path = SceneDelegate.swift; sourceTree = "<group>"; };
		A2DA14C0233E0139000E41F6 /* ContentView.swift */ = {isa = PBXFileReference; lastKnownFileType = sourcecode.swift; path = ContentView.swift; sourceTree = "<group>"; };
		A2DA14C2233E013A000E41F6 /* Assets.xcassets */ = {isa = PBXFileReference; lastKnownFileType = folder.assetcatalog; path = Assets.xcassets; sourceTree = "<group>"; };
		A2DA14C5233E013A000E41F6 /* Preview Assets.xcassets */ = {isa = PBXFileReference; lastKnownFileType = folder.assetcatalog; path = "Preview Assets.xcassets"; sourceTree = "<group>"; };
		A2DA14C8233E013A000E41F6 /* Base */ = {isa = PBXFileReference; lastKnownFileType = file.storyboard; name = Base; path = Base.lproj/LaunchScreen.storyboard; sourceTree = "<group>"; };
		A2DA14CA233E013A000E41F6 /* Info.plist */ = {isa = PBXFileReference; lastKnownFileType = text.plist.xml; path = Info.plist; sourceTree = "<group>"; };
		A2DA14CF233E013A000E41F6 /* SwiftUI-P1Tests.xctest */ = {isa = PBXFileReference; explicitFileType = wrapper.cfbundle; includeInIndex = 0; path = "SwiftUI-P1Tests.xctest"; sourceTree = BUILT_PRODUCTS_DIR; };
		A2DA14D3233E013A000E41F6 /* SwiftUI_P1Tests.swift */ = {isa = PBXFileReference; lastKnownFileType = sourcecode.swift; path = SwiftUI_P1Tests.swift; sourceTree = "<group>"; };
		A2DA14D5233E013A000E41F6 /* Info.plist */ = {isa = PBXFileReference; lastKnownFileType = text.plist.xml; path = Info.plist; sourceTree = "<group>"; };
		A2DA14DA233E013A000E41F6 /* SwiftUI-P1UITests.xctest */ = {isa = PBXFileReference; explicitFileType = wrapper.cfbundle; includeInIndex = 0; path = "SwiftUI-P1UITests.xctest"; sourceTree = BUILT_PRODUCTS_DIR; };
		A2DA14DE233E013A000E41F6 /* SwiftUI_P1UITests.swift */ = {isa = PBXFileReference; lastKnownFileType = sourcecode.swift; path = SwiftUI_P1UITests.swift; sourceTree = "<group>"; };
		A2DA14E0233E013A000E41F6 /* Info.plist */ = {isa = PBXFileReference; lastKnownFileType = text.plist.xml; path = Info.plist; sourceTree = "<group>"; };
		A2DA14EC233E089C000E41F6 /* CircleImage.swift */ = {isa = PBXFileReference; lastKnownFileType = sourcecode.swift; name = CircleImage.swift; path = ../CircleImage.swift; sourceTree = "<group>"; };
		A2DA14EE233E1641000E41F6 /* MapView.swift */ = {isa = PBXFileReference; lastKnownFileType = sourcecode.swift; name = MapView.swift; path = ../MapView.swift; sourceTree = "<group>"; };
		A2DA14F323405419000E41F6 /* Landmark.swift */ = {isa = PBXFileReference; lastKnownFileType = sourcecode.swift; path = Landmark.swift; sourceTree = "<group>"; };
		A2DA14F623405C86000E41F6 /* hiddenlake.jpg */ = {isa = PBXFileReference; lastKnownFileType = image.jpeg; path = hiddenlake.jpg; sourceTree = "<group>"; };
		A2DA14F723405C86000E41F6 /* stmarylake.jpg */ = {isa = PBXFileReference; lastKnownFileType = image.jpeg; path = stmarylake.jpg; sourceTree = "<group>"; };
		A2DA14F823405C86000E41F6 /* twinlake.jpg */ = {isa = PBXFileReference; lastKnownFileType = image.jpeg; path = twinlake.jpg; sourceTree = "<group>"; };
		A2DA14F923405C86000E41F6 /* icybay.jpg */ = {isa = PBXFileReference; lastKnownFileType = image.jpeg; path = icybay.jpg; sourceTree = "<group>"; };
		A2DA14FA23405C87000E41F6 /* umbagog.jpg */ = {isa = PBXFileReference; lastKnownFileType = image.jpeg; path = umbagog.jpg; sourceTree = "<group>"; };
		A2DA14FB23405C87000E41F6 /* yukon_charleyrivers.jpg */ = {isa = PBXFileReference; lastKnownFileType = image.jpeg; path = yukon_charleyrivers.jpg; sourceTree = "<group>"; };
		A2DA14FC23405C87000E41F6 /* lakemcdonald.jpg */ = {isa = PBXFileReference; lastKnownFileType = image.jpeg; path = lakemcdonald.jpg; sourceTree = "<group>"; };
		A2DA14FD23405C87000E41F6 /* landmarkData.json */ = {isa = PBXFileReference; fileEncoding = 4; lastKnownFileType = text.json; path = landmarkData.json; sourceTree = "<group>"; };
		A2DA14FE23405C87000E41F6 /* silversalmoncreek.jpg */ = {isa = PBXFileReference; lastKnownFileType = image.jpeg; path = silversalmoncreek.jpg; sourceTree = "<group>"; };
		A2DA14FF23405C87000E41F6 /* chilkoottrail.jpg */ = {isa = PBXFileReference; lastKnownFileType = image.jpeg; path = chilkoottrail.jpg; sourceTree = "<group>"; };
		A2DA150023405C87000E41F6 /* turtlerock.jpg */ = {isa = PBXFileReference; lastKnownFileType = image.jpeg; path = turtlerock.jpg; sourceTree = "<group>"; };
		A2DA150123405C87000E41F6 /* rainbowlake.jpg */ = {isa = PBXFileReference; lastKnownFileType = image.jpeg; path = rainbowlake.jpg; sourceTree = "<group>"; };
		A2DA150223405C87000E41F6 /* chincoteague.jpg */ = {isa = PBXFileReference; lastKnownFileType = image.jpeg; path = chincoteague.jpg; sourceTree = "<group>"; };
		A2DA151023405CC1000E41F6 /* Data.swift */ = {isa = PBXFileReference; lastKnownFileType = sourcecode.swift; path = Data.swift; sourceTree = "<group>"; };
/* End PBXFileReference section */

/* Begin PBXFrameworksBuildPhase section */
		A2DA14B6233E0139000E41F6 /* Frameworks */ = {
			isa = PBXFrameworksBuildPhase;
			buildActionMask = 2147483647;
			files = (
			);
			runOnlyForDeploymentPostprocessing = 0;
		};
		A2DA14CC233E013A000E41F6 /* Frameworks */ = {
			isa = PBXFrameworksBuildPhase;
			buildActionMask = 2147483647;
			files = (
			);
			runOnlyForDeploymentPostprocessing = 0;
		};
		A2DA14D7233E013A000E41F6 /* Frameworks */ = {
			isa = PBXFrameworksBuildPhase;
			buildActionMask = 2147483647;
			files = (
			);
			runOnlyForDeploymentPostprocessing = 0;
		};
/* End PBXFrameworksBuildPhase section */

/* Begin PBXGroup section */
		A2DA14B0233E0139000E41F6 = {
			isa = PBXGroup;
			children = (
				A2DA14BB233E0139000E41F6 /* SwiftUI-P1 */,
				A2DA14D2233E013A000E41F6 /* SwiftUI-P1Tests */,
				A2DA14DD233E013A000E41F6 /* SwiftUI-P1UITests */,
				A2DA14BA233E0139000E41F6 /* Products */,
			);
			sourceTree = "<group>";
		};
		A2DA14BA233E0139000E41F6 /* Products */ = {
			isa = PBXGroup;
			children = (
				A2DA14B9233E0139000E41F6 /* SwiftUI-P1.app */,
				A2DA14CF233E013A000E41F6 /* SwiftUI-P1Tests.xctest */,
				A2DA14DA233E013A000E41F6 /* SwiftUI-P1UITests.xctest */,
			);
			name = Products;
			sourceTree = "<group>";
		};
		A2DA14BB233E0139000E41F6 /* SwiftUI-P1 */ = {
			isa = PBXGroup;
			children = (
				A2DA14BC233E0139000E41F6 /* AppDelegate.swift */,
				A2DA14BE233E0139000E41F6 /* SceneDelegate.swift */,
				A2DA14C0233E0139000E41F6 /* ContentView.swift */,
				A2DA14F523405C42000E41F6 /* Resource */,
				A2DA14F2234053E3000E41F6 /* Models */,
				A2DA14F123405384000E41F6 /* Supporting Views */,
				A2DA14C2233E013A000E41F6 /* Assets.xcassets */,
				A2DA14C7233E013A000E41F6 /* LaunchScreen.storyboard */,
				A2DA14CA233E013A000E41F6 /* Info.plist */,
				A2DA14C4233E013A000E41F6 /* Preview Content */,
			);
			path = "SwiftUI-P1";
			sourceTree = "<group>";
		};
		A2DA14C4233E013A000E41F6 /* Preview Content */ = {
			isa = PBXGroup;
			children = (
				A2DA14C5233E013A000E41F6 /* Preview Assets.xcassets */,
			);
			path = "Preview Content";
			sourceTree = "<group>";
		};
		A2DA14D2233E013A000E41F6 /* SwiftUI-P1Tests */ = {
			isa = PBXGroup;
			children = (
				A2DA14D3233E013A000E41F6 /* SwiftUI_P1Tests.swift */,
				A2DA14D5233E013A000E41F6 /* Info.plist */,
			);
			path = "SwiftUI-P1Tests";
			sourceTree = "<group>";
		};
		A2DA14DD233E013A000E41F6 /* SwiftUI-P1UITests */ = {
			isa = PBXGroup;
			children = (
				A2DA14DE233E013A000E41F6 /* SwiftUI_P1UITests.swift */,
				A2DA14E0233E013A000E41F6 /* Info.plist */,
			);
			path = "SwiftUI-P1UITests";
			sourceTree = "<group>";
		};
		A2DA14F123405384000E41F6 /* Supporting Views */ = {
			isa = PBXGroup;
			children = (
				A2DA14EE233E1641000E41F6 /* MapView.swift */,
				A2DA14EC233E089C000E41F6 /* CircleImage.swift */,
			);
			path = "Supporting Views";
			sourceTree = "<group>";
		};
		A2DA14F2234053E3000E41F6 /* Models */ = {
			isa = PBXGroup;
			children = (
				A2DA14F323405419000E41F6 /* Landmark.swift */,
				A2DA151023405CC1000E41F6 /* Data.swift */,
			);
			path = Models;
			sourceTree = "<group>";
		};
		A2DA14F523405C42000E41F6 /* Resource */ = {
			isa = PBXGroup;
			children = (
				A2DA14FF23405C87000E41F6 /* chilkoottrail.jpg */,
				A2DA150223405C87000E41F6 /* chincoteague.jpg */,
				A2DA14F623405C86000E41F6 /* hiddenlake.jpg */,
				A2DA14F923405C86000E41F6 /* icybay.jpg */,
				A2DA14FC23405C87000E41F6 /* lakemcdonald.jpg */,
				A2DA14FD23405C87000E41F6 /* landmarkData.json */,
				A2DA150123405C87000E41F6 /* rainbowlake.jpg */,
				A2DA14FE23405C87000E41F6 /* silversalmoncreek.jpg */,
				A2DA14F723405C86000E41F6 /* stmarylake.jpg */,
				A2DA150023405C87000E41F6 /* turtlerock.jpg */,
				A2DA14F823405C86000E41F6 /* twinlake.jpg */,
				A2DA14FA23405C87000E41F6 /* umbagog.jpg */,
				A2DA14FB23405C87000E41F6 /* yukon_charleyrivers.jpg */,
			);
			path = Resource;
			sourceTree = "<group>";
		};
/* End PBXGroup section */

/* Begin PBXNativeTarget section */
		A2DA14B8233E0139000E41F6 /* SwiftUI-P1 */ = {
			isa = PBXNativeTarget;
			buildConfigurationList = A2DA14E3233E013A000E41F6 /* Build configuration list for PBXNativeTarget "SwiftUI-P1" */;
			buildPhases = (
				A2DA14B5233E0139000E41F6 /* Sources */,
				A2DA14B6233E0139000E41F6 /* Frameworks */,
				A2DA14B7233E0139000E41F6 /* Resources */,
			);
			buildRules = (
			);
			dependencies = (
			);
			name = "SwiftUI-P1";
			productName = "SwiftUI-P1";
			productReference = A2DA14B9233E0139000E41F6 /* SwiftUI-P1.app */;
			productType = "com.apple.product-type.application";
		};
		A2DA14CE233E013A000E41F6 /* SwiftUI-P1Tests */ = {
			isa = PBXNativeTarget;
			buildConfigurationList = A2DA14E6233E013A000E41F6 /* Build configuration list for PBXNativeTarget "SwiftUI-P1Tests" */;
			buildPhases = (
				A2DA14CB233E013A000E41F6 /* Sources */,
				A2DA14CC233E013A000E41F6 /* Frameworks */,
				A2DA14CD233E013A000E41F6 /* Resources */,
			);
			buildRules = (
			);
			dependencies = (
				A2DA14D1233E013A000E41F6 /* PBXTargetDependency */,
			);
			name = "SwiftUI-P1Tests";
			productName = "SwiftUI-P1Tests";
			productReference = A2DA14CF233E013A000E41F6 /* SwiftUI-P1Tests.xctest */;
			productType = "com.apple.product-type.bundle.unit-test";
		};
		A2DA14D9233E013A000E41F6 /* SwiftUI-P1UITests */ = {
			isa = PBXNativeTarget;
			buildConfigurationList = A2DA14E9233E013A000E41F6 /* Build configuration list for PBXNativeTarget "SwiftUI-P1UITests" */;
			buildPhases = (
				A2DA14D6233E013A000E41F6 /* Sources */,
				A2DA14D7233E013A000E41F6 /* Frameworks */,
				A2DA14D8233E013A000E41F6 /* Resources */,
			);
			buildRules = (
			);
			dependencies = (
				A2DA14DC233E013A000E41F6 /* PBXTargetDependency */,
			);
			name = "SwiftUI-P1UITests";
			productName = "SwiftUI-P1UITests";
			productReference = A2DA14DA233E013A000E41F6 /* SwiftUI-P1UITests.xctest */;
			productType = "com.apple.product-type.bundle.ui-testing";
		};
/* End PBXNativeTarget section */

/* Begin PBXProject section */
		A2DA14B1233E0139000E41F6 /* Project object */ = {
			isa = PBXProject;
			attributes = {
				LastSwiftUpdateCheck = 1110;
				LastUpgradeCheck = 1110;
				ORGANIZATIONNAME = yangxiaochen;
				TargetAttributes = {
					A2DA14B8233E0139000E41F6 = {
						CreatedOnToolsVersion = 11.1;
					};
					A2DA14CE233E013A000E41F6 = {
						CreatedOnToolsVersion = 11.1;
						TestTargetID = A2DA14B8233E0139000E41F6;
					};
					A2DA14D9233E013A000E41F6 = {
						CreatedOnToolsVersion = 11.1;
						TestTargetID = A2DA14B8233E0139000E41F6;
					};
				};
			};
			buildConfigurationList = A2DA14B4233E0139000E41F6 /* Build configuration list for PBXProject "SwiftUI-P1" */;
			compatibilityVersion = "Xcode 9.3";
			developmentRegion = en;
			hasScannedForEncodings = 0;
			knownRegions = (
				en,
				Base,
			);
			mainGroup = A2DA14B0233E0139000E41F6;
			productRefGroup = A2DA14BA233E0139000E41F6 /* Products */;
			projectDirPath = "";
			projectRoot = "";
			targets = (
				A2DA14B8233E0139000E41F6 /* SwiftUI-P1 */,
				A2DA14CE233E013A000E41F6 /* SwiftUI-P1Tests */,
				A2DA14D9233E013A000E41F6 /* SwiftUI-P1UITests */,
			);
		};
/* End PBXProject section */

/* Begin PBXResourcesBuildPhase section */
		A2DA14B7233E0139000E41F6 /* Resources */ = {
			isa = PBXResourcesBuildPhase;
			buildActionMask = 2147483647;
			files = (
				A2DA150523405C87000E41F6 /* twinlake.jpg in Resources */,
				A2DA150E23405C87000E41F6 /* rainbowlake.jpg in Resources */,
				A2DA14C9233E013A000E41F6 /* LaunchScreen.storyboard in Resources */,
				A2DA150D23405C87000E41F6 /* turtlerock.jpg in Resources */,
				A2DA150A23405C87000E41F6 /* landmarkData.json in Resources */,
				A2DA150423405C87000E41F6 /* stmarylake.jpg in Resources */,
				A2DA14C6233E013A000E41F6 /* Preview Assets.xcassets in Resources */,
				A2DA150823405C87000E41F6 /* yukon_charleyrivers.jpg in Resources */,
				A2DA150C23405C87000E41F6 /* chilkoottrail.jpg in Resources */,
				A2DA150723405C87000E41F6 /* umbagog.jpg in Resources */,
				A2DA150923405C87000E41F6 /* lakemcdonald.jpg in Resources */,
				A2DA150323405C87000E41F6 /* hiddenlake.jpg in Resources */,
				A2DA150B23405C87000E41F6 /* silversalmoncreek.jpg in Resources */,
				A2DA150623405C87000E41F6 /* icybay.jpg in Resources */,
				A2DA150F23405C87000E41F6 /* chincoteague.jpg in Resources */,
				A2DA14C3233E013A000E41F6 /* Assets.xcassets in Resources */,
			);
			runOnlyForDeploymentPostprocessing = 0;
		};
		A2DA14CD233E013A000E41F6 /* Resources */ = {
			isa = PBXResourcesBuildPhase;
			buildActionMask = 2147483647;
			files = (
			);
			runOnlyForDeploymentPostprocessing = 0;
		};
		A2DA14D8233E013A000E41F6 /* Resources */ = {
			isa = PBXResourcesBuildPhase;
			buildActionMask = 2147483647;
			files = (
			);
			runOnlyForDeploymentPostprocessing = 0;
		};
/* End PBXResourcesBuildPhase section */

/* Begin PBXSourcesBuildPhase section */
		A2DA14B5233E0139000E41F6 /* Sources */ = {
			isa = PBXSourcesBuildPhase;
			buildActionMask = 2147483647;
			files = (
				A2DA151123405CC1000E41F6 /* Data.swift in Sources */,
				A2DA14BD233E0139000E41F6 /* AppDelegate.swift in Sources */,
				A2DA14ED233E089C000E41F6 /* CircleImage.swift in Sources */,
				A2DA14EF233E1641000E41F6 /* MapView.swift in Sources */,
				A2DA14BF233E0139000E41F6 /* SceneDelegate.swift in Sources */,
				A2DA14C1233E0139000E41F6 /* ContentView.swift in Sources */,
				A2DA14F423405419000E41F6 /* Landmark.swift in Sources */,
			);
			runOnlyForDeploymentPostprocessing = 0;
		};
		A2DA14CB233E013A000E41F6 /* Sources */ = {
			isa = PBXSourcesBuildPhase;
			buildActionMask = 2147483647;
			files = (
				A2DA14D4233E013A000E41F6 /* SwiftUI_P1Tests.swift in Sources */,
			);
			runOnlyForDeploymentPostprocessing = 0;
		};
		A2DA14D6233E013A000E41F6 /* Sources */ = {
			isa = PBXSourcesBuildPhase;
			buildActionMask = 2147483647;
			files = (
				A2DA14DF233E013A000E41F6 /* SwiftUI_P1UITests.swift in Sources */,
			);
			runOnlyForDeploymentPostprocessing = 0;
		};
/* End PBXSourcesBuildPhase section */

/* Begin PBXTargetDependency section */
		A2DA14D1233E013A000E41F6 /* PBXTargetDependency */ = {
			isa = PBXTargetDependency;
			target = A2DA14B8233E0139000E41F6 /* SwiftUI-P1 */;
			targetProxy = A2DA14D0233E013A000E41F6 /* PBXContainerItemProxy */;
		};
		A2DA14DC233E013A000E41F6 /* PBXTargetDependency */ = {
			isa = PBXTargetDependency;
			target = A2DA14B8233E0139000E41F6 /* SwiftUI-P1 */;
			targetProxy = A2DA14DB233E013A000E41F6 /* PBXContainerItemProxy */;
		};
/* End PBXTargetDependency section */

/* Begin PBXVariantGroup section */
		A2DA14C7233E013A000E41F6 /* LaunchScreen.storyboard */ = {
			isa = PBXVariantGroup;
			children = (
				A2DA14C8233E013A000E41F6 /* Base */,
			);
			name = LaunchScreen.storyboard;
			sourceTree = "<group>";
		};
/* End PBXVariantGroup section */

/* Begin XCBuildConfiguration section */
		A2DA14E1233E013A000E41F6 /* Debug */ = {
			isa = XCBuildConfiguration;
			buildSettings = {
				ALWAYS_SEARCH_USER_PATHS = NO;
				CLANG_ANALYZER_NONNULL = YES;
				CLANG_ANALYZER_NUMBER_OBJECT_CONVERSION = YES_AGGRESSIVE;
				CLANG_CXX_LANGUAGE_STANDARD = "gnu++14";
				CLANG_CXX_LIBRARY = "libc++";
				CLANG_ENABLE_MODULES = YES;
				CLANG_ENABLE_OBJC_ARC = YES;
				CLANG_ENABLE_OBJC_WEAK = YES;
				CLANG_WARN_BLOCK_CAPTURE_AUTORELEASING = YES;
				CLANG_WARN_BOOL_CONVERSION = YES;
				CLANG_WARN_COMMA = YES;
				CLANG_WARN_CONSTANT_CONVERSION = YES;
				CLANG_WARN_DEPRECATED_OBJC_IMPLEMENTATIONS = YES;
				CLANG_WARN_DIRECT_OBJC_ISA_USAGE = YES_ERROR;
				CLANG_WARN_DOCUMENTATION_COMMENTS = YES;
				CLANG_WARN_EMPTY_BODY = YES;
				CLANG_WARN_ENUM_CONVERSION = YES;
				CLANG_WARN_INFINITE_RECURSION = YES;
				CLANG_WARN_INT_CONVERSION = YES;
				CLANG_WARN_NON_LITERAL_NULL_CONVERSION = YES;
				CLANG_WARN_OBJC_IMPLICIT_RETAIN_SELF = YES;
				CLANG_WARN_OBJC_LITERAL_CONVERSION = YES;
				CLANG_WARN_OBJC_ROOT_CLASS = YES_ERROR;
				CLANG_WARN_RANGE_LOOP_ANALYSIS = YES;
				CLANG_WARN_STRICT_PROTOTYPES = YES;
				CLANG_WARN_SUSPICIOUS_MOVE = YES;
				CLANG_WARN_UNGUARDED_AVAILABILITY = YES_AGGRESSIVE;
				CLANG_WARN_UNREACHABLE_CODE = YES;
				CLANG_WARN__DUPLICATE_METHOD_MATCH = YES;
				COPY_PHASE_STRIP = NO;
				DEBUG_INFORMATION_FORMAT = dwarf;
				ENABLE_STRICT_OBJC_MSGSEND = YES;
				ENABLE_TESTABILITY = YES;
				GCC_C_LANGUAGE_STANDARD = gnu11;
				GCC_DYNAMIC_NO_PIC = NO;
				GCC_NO_COMMON_BLOCKS = YES;
				GCC_OPTIMIZATION_LEVEL = 0;
				GCC_PREPROCESSOR_DEFINITIONS = (
					"DEBUG=1",
					"$(inherited)",
				);
				GCC_WARN_64_TO_32_BIT_CONVERSION = YES;
				GCC_WARN_ABOUT_RETURN_TYPE = YES_ERROR;
				GCC_WARN_UNDECLARED_SELECTOR = YES;
				GCC_WARN_UNINITIALIZED_AUTOS = YES_AGGRESSIVE;
				GCC_WARN_UNUSED_FUNCTION = YES;
				GCC_WARN_UNUSED_VARIABLE = YES;
				IPHONEOS_DEPLOYMENT_TARGET = 13.1;
				MTL_ENABLE_DEBUG_INFO = INCLUDE_SOURCE;
				MTL_FAST_MATH = YES;
				ONLY_ACTIVE_ARCH = YES;
				SDKROOT = iphoneos;
				SWIFT_ACTIVE_COMPILATION_CONDITIONS = DEBUG;
				SWIFT_OPTIMIZATION_LEVEL = "-Onone";
			};
			name = Debug;
		};
		A2DA14E2233E013A000E41F6 /* Release */ = {
			isa = XCBuildConfiguration;
			buildSettings = {
				ALWAYS_SEARCH_USER_PATHS = NO;
				CLANG_ANALYZER_NONNULL = YES;
				CLANG_ANALYZER_NUMBER_OBJECT_CONVERSION = YES_AGGRESSIVE;
				CLANG_CXX_LANGUAGE_STANDARD = "gnu++14";
				CLANG_CXX_LIBRARY = "libc++";
				CLANG_ENABLE_MODULES = YES;
				CLANG_ENABLE_OBJC_ARC = YES;
				CLANG_ENABLE_OBJC_WEAK = YES;
				CLANG_WARN_BLOCK_CAPTURE_AUTORELEASING = YES;
				CLANG_WARN_BOOL_CONVERSION = YES;
				CLANG_WARN_COMMA = YES;
				CLANG_WARN_CONSTANT_CONVERSION = YES;
				CLANG_WARN_DEPRECATED_OBJC_IMPLEMENTATIONS = YES;
				CLANG_WARN_DIRECT_OBJC_ISA_USAGE = YES_ERROR;
				CLANG_WARN_DOCUMENTATION_COMMENTS = YES;
				CLANG_WARN_EMPTY_BODY = YES;
				CLANG_WARN_ENUM_CONVERSION = YES;
				CLANG_WARN_INFINITE_RECURSION = YES;
				CLANG_WARN_INT_CONVERSION = YES;
				CLANG_WARN_NON_LITERAL_NULL_CONVERSION = YES;
				CLANG_WARN_OBJC_IMPLICIT_RETAIN_SELF = YES;
				CLANG_WARN_OBJC_LITERAL_CONVERSION = YES;
				CLANG_WARN_OBJC_ROOT_CLASS = YES_ERROR;
				CLANG_WARN_RANGE_LOOP_ANALYSIS = YES;
				CLANG_WARN_STRICT_PROTOTYPES = YES;
				CLANG_WARN_SUSPICIOUS_MOVE = YES;
				CLANG_WARN_UNGUARDED_AVAILABILITY = YES_AGGRESSIVE;
				CLANG_WARN_UNREACHABLE_CODE = YES;
				CLANG_WARN__DUPLICATE_METHOD_MATCH = YES;
				COPY_PHASE_STRIP = NO;
				DEBUG_INFORMATION_FORMAT = "dwarf-with-dsym";
				ENABLE_NS_ASSERTIONS = NO;
				ENABLE_STRICT_OBJC_MSGSEND = YES;
				GCC_C_LANGUAGE_STANDARD = gnu11;
				GCC_NO_COMMON_BLOCKS = YES;
				GCC_WARN_64_TO_32_BIT_CONVERSION = YES;
				GCC_WARN_ABOUT_RETURN_TYPE = YES_ERROR;
				GCC_WARN_UNDECLARED_SELECTOR = YES;
				GCC_WARN_UNINITIALIZED_AUTOS = YES_AGGRESSIVE;
				GCC_WARN_UNUSED_FUNCTION = YES;
				GCC_WARN_UNUSED_VARIABLE = YES;
				IPHONEOS_DEPLOYMENT_TARGET = 13.1;
				MTL_ENABLE_DEBUG_INFO = NO;
				MTL_FAST_MATH = YES;
				SDKROOT = iphoneos;
				SWIFT_COMPILATION_MODE = wholemodule;
				SWIFT_OPTIMIZATION_LEVEL = "-O";
				VALIDATE_PRODUCT = YES;
			};
			name = Release;
		};
		A2DA14E4233E013A000E41F6 /* Debug */ = {
			isa = XCBuildConfiguration;
			buildSettings = {
				ASSETCATALOG_COMPILER_APPICON_NAME = AppIcon;
				CODE_SIGN_STYLE = Automatic;
				DEVELOPMENT_ASSET_PATHS = "\"SwiftUI-P1/Preview Content\"";
				DEVELOPMENT_TEAM = P8HT367G9J;
				ENABLE_PREVIEWS = YES;
				INFOPLIST_FILE = "SwiftUI-P1/Info.plist";
				LD_RUNPATH_SEARCH_PATHS = (
					"$(inherited)",
					"@executable_path/Frameworks",
				);
				PRODUCT_BUNDLE_IDENTIFIER = "com.yangxiaochen.SwiftUI-P1";
				PRODUCT_NAME = "$(TARGET_NAME)";
				SWIFT_VERSION = 5.0;
				TARGETED_DEVICE_FAMILY = "1,2";
			};
			name = Debug;
		};
		A2DA14E5233E013A000E41F6 /* Release */ = {
			isa = XCBuildConfiguration;
			buildSettings = {
				ASSETCATALOG_COMPILER_APPICON_NAME = AppIcon;
				CODE_SIGN_STYLE = Automatic;
				DEVELOPMENT_ASSET_PATHS = "\"SwiftUI-P1/Preview Content\"";
				DEVELOPMENT_TEAM = P8HT367G9J;
				ENABLE_PREVIEWS = YES;
				INFOPLIST_FILE = "SwiftUI-P1/Info.plist";
				LD_RUNPATH_SEARCH_PATHS = (
					"$(inherited)",
					"@executable_path/Frameworks",
				);
				PRODUCT_BUNDLE_IDENTIFIER = "com.yangxiaochen.SwiftUI-P1";
				PRODUCT_NAME = "$(TARGET_NAME)";
				SWIFT_VERSION = 5.0;
				TARGETED_DEVICE_FAMILY = "1,2";
			};
			name = Release;
		};
		A2DA14E7233E013A000E41F6 /* Debug */ = {
			isa = XCBuildConfiguration;
			buildSettings = {
				ALWAYS_EMBED_SWIFT_STANDARD_LIBRARIES = YES;
				BUNDLE_LOADER = "$(TEST_HOST)";
				CODE_SIGN_STYLE = Automatic;
				DEVELOPMENT_TEAM = P8HT367G9J;
				INFOPLIST_FILE = "SwiftUI-P1Tests/Info.plist";
				IPHONEOS_DEPLOYMENT_TARGET = 13.1;
				LD_RUNPATH_SEARCH_PATHS = (
					"$(inherited)",
					"@executable_path/Frameworks",
					"@loader_path/Frameworks",
				);
				PRODUCT_BUNDLE_IDENTIFIER = "com.yangxiaochen.SwiftUI-P1Tests";
				PRODUCT_NAME = "$(TARGET_NAME)";
				SWIFT_VERSION = 5.0;
				TARGETED_DEVICE_FAMILY = "1,2";
				TEST_HOST = "$(BUILT_PRODUCTS_DIR)/SwiftUI-P1.app/SwiftUI-P1";
			};
			name = Debug;
		};
		A2DA14E8233E013A000E41F6 /* Release */ = {
			isa = XCBuildConfiguration;
			buildSettings = {
				ALWAYS_EMBED_SWIFT_STANDARD_LIBRARIES = YES;
				BUNDLE_LOADER = "$(TEST_HOST)";
				CODE_SIGN_STYLE = Automatic;
				DEVELOPMENT_TEAM = P8HT367G9J;
				INFOPLIST_FILE = "SwiftUI-P1Tests/Info.plist";
				IPHONEOS_DEPLOYMENT_TARGET = 13.1;
				LD_RUNPATH_SEARCH_PATHS = (
					"$(inherited)",
					"@executable_path/Frameworks",
					"@loader_path/Frameworks",
				);
				PRODUCT_BUNDLE_IDENTIFIER = "com.yangxiaochen.SwiftUI-P1Tests";
				PRODUCT_NAME = "$(TARGET_NAME)";
				SWIFT_VERSION = 5.0;
				TARGETED_DEVICE_FAMILY = "1,2";
				TEST_HOST = "$(BUILT_PRODUCTS_DIR)/SwiftUI-P1.app/SwiftUI-P1";
			};
			name = Release;
		};
		A2DA14EA233E013A000E41F6 /* Debug */ = {
			isa = XCBuildConfiguration;
			buildSettings = {
				ALWAYS_EMBED_SWIFT_STANDARD_LIBRARIES = YES;
				CODE_SIGN_STYLE = Automatic;
				DEVELOPMENT_TEAM = P8HT367G9J;
				INFOPLIST_FILE = "SwiftUI-P1UITests/Info.plist";
				LD_RUNPATH_SEARCH_PATHS = (
					"$(inherited)",
					"@executable_path/Frameworks",
					"@loader_path/Frameworks",
				);
				PRODUCT_BUNDLE_IDENTIFIER = "com.yangxiaochen.SwiftUI-P1UITests";
				PRODUCT_NAME = "$(TARGET_NAME)";
				SWIFT_VERSION = 5.0;
				TARGETED_DEVICE_FAMILY = "1,2";
				TEST_TARGET_NAME = "SwiftUI-P1";
			};
			name = Debug;
		};
		A2DA14EB233E013A000E41F6 /* Release */ = {
			isa = XCBuildConfiguration;
			buildSettings = {
				ALWAYS_EMBED_SWIFT_STANDARD_LIBRARIES = YES;
				CODE_SIGN_STYLE = Automatic;
				DEVELOPMENT_TEAM = P8HT367G9J;
				INFOPLIST_FILE = "SwiftUI-P1UITests/Info.plist";
				LD_RUNPATH_SEARCH_PATHS = (
					"$(inherited)",
					"@executable_path/Frameworks",
					"@loader_path/Frameworks",
				);
				PRODUCT_BUNDLE_IDENTIFIER = "com.yangxiaochen.SwiftUI-P1UITests";
				PRODUCT_NAME = "$(TARGET_NAME)";
				SWIFT_VERSION = 5.0;
				TARGETED_DEVICE_FAMILY = "1,2";
				TEST_TARGET_NAME = "SwiftUI-P1";
			};
			name = Release;
		};
/* End XCBuildConfiguration section */

/* Begin XCConfigurationList section */
		A2DA14B4233E0139000E41F6 /* Build configuration list for PBXProject "SwiftUI-P1" */ = {
			isa = XCConfigurationList;
			buildConfigurations = (
				A2DA14E1233E013A000E41F6 /* Debug */,
				A2DA14E2233E013A000E41F6 /* Release */,
			);
			defaultConfigurationIsVisible = 0;
			defaultConfigurationName = Release;
		};
		A2DA14E3233E013A000E41F6 /* Build configuration list for PBXNativeTarget "SwiftUI-P1" */ = {
			isa = XCConfigurationList;
			buildConfigurations = (
				A2DA14E4233E013A000E41F6 /* Debug */,
				A2DA14E5233E013A000E41F6 /* Release */,
			);
			defaultConfigurationIsVisible = 0;
			defaultConfigurationName = Release;
		};
		A2DA14E6233E013A000E41F6 /* Build configuration list for PBXNativeTarget "SwiftUI-P1Tests" */ = {
			isa = XCConfigurationList;
			buildConfigurations = (
				A2DA14E7233E013A000E41F6 /* Debug */,
				A2DA14E8233E013A000E41F6 /* Release */,
			);
			defaultConfigurationIsVisible = 0;
			defaultConfigurationName = Release;
		};
		A2DA14E9233E013A000E41F6 /* Build configuration list for PBXNativeTarget "SwiftUI-P1UITests" */ = {
			isa = XCConfigurationList;
			buildConfigurations = (
				A2DA14EA233E013A000E41F6 /* Debug */,
				A2DA14EB233E013A000E41F6 /* Release */,
			);
			defaultConfigurationIsVisible = 0;
			defaultConfigurationName = Release;
		};
/* End XCConfigurationList section */
	};
	rootObject = A2DA14B1233E0139000E41F6 /* Project object */;
}
